// !$*UTF8*$!
{
	archiveVersion = 1;
	classes = {
	};
	objectVersion = 46;
	objects = {

/* Begin PBXBuildFile section */
		22EC43461D05AB34008FEC62 /* AppDelegate.swift in Sources */ = {isa = PBXBuildFile; fileRef = 22EC43451D05AB34008FEC62 /* AppDelegate.swift */; };
		22EC43481D05AB34008FEC62 /* ViewController.swift in Sources */ = {isa = PBXBuildFile; fileRef = 22EC43471D05AB34008FEC62 /* ViewController.swift */; };
		22EC434B1D05AB35008FEC62 /* Main.storyboard in Resources */ = {isa = PBXBuildFile; fileRef = 22EC43491D05AB35008FEC62 /* Main.storyboard */; };
		22EC434D1D05AB35008FEC62 /* Assets.xcassets in Resources */ = {isa = PBXBuildFile; fileRef = 22EC434C1D05AB35008FEC62 /* Assets.xcassets */; };
		22EC43501D05AB35008FEC62 /* LaunchScreen.storyboard in Resources */ = {isa = PBXBuildFile; fileRef = 22EC434E1D05AB35008FEC62 /* LaunchScreen.storyboard */; };
		22EC435B1D05AB35008FEC62 /* milantestTests.swift in Sources */ = {isa = PBXBuildFile; fileRef = 22EC435A1D05AB35008FEC62 /* milantestTests.swift */; };
		22EC43661D05AB35008FEC62 /* milantestUITests.swift in Sources */ = {isa = PBXBuildFile; fileRef = 22EC43651D05AB35008FEC62 /* milantestUITests.swift */; };
/* End PBXBuildFile section */

/* Begin PBXContainerItemProxy section */
		22EC43571D05AB35008FEC62 /* PBXContainerItemProxy */ = {
			isa = PBXContainerItemProxy;
			containerPortal = 22EC433A1D05AB22008FEC62 /* Project object */;
			proxyType = 1;
			remoteGlobalIDString = 22EC43411D05AB22008FEC62;
			remoteInfo = milantest;
		};
		22EC43621D05AB35008FEC62 /* PBXContainerItemProxy */ = {
			isa = PBXContainerItemProxy;
			containerPortal = 22EC433A1D05AB22008FEC62 /* Project object */;
			proxyType = 1;
			remoteGlobalIDString = 22EC43411D05AB22008FEC62;
			remoteInfo = milantest;
		};
/* End PBXContainerItemProxy section */

/* Begin PBXFileReference section */
		22EC43421D05AB22008FEC62 /* milantest.app */ = {isa = PBXFileReference; explicitFileType = wrapper.application; includeInIndex = 0; path = milantest.app; sourceTree = BUILT_PRODUCTS_DIR; };
		22EC43451D05AB34008FEC62 /* AppDelegate.swift */ = {isa = PBXFileReference; lastKnownFileType = sourcecode.swift; path = AppDelegate.swift; sourceTree = "<group>"; };
		22EC43471D05AB34008FEC62 /* ViewController.swift */ = {isa = PBXFileReference; lastKnownFileType = sourcecode.swift; path = ViewController.swift; sourceTree = "<group>"; };
		22EC434A1D05AB35008FEC62 /* Base */ = {isa = PBXFileReference; lastKnownFileType = file.storyboard; name = Base; path = Base.lproj/Main.storyboard; sourceTree = "<group>"; };
		22EC434C1D05AB35008FEC62 /* Assets.xcassets */ = {isa = PBXFileReference; lastKnownFileType = folder.assetcatalog; path = Assets.xcassets; sourceTree = "<group>"; };
		22EC434F1D05AB35008FEC62 /* Base */ = {isa = PBXFileReference; lastKnownFileType = file.storyboard; name = Base; path = Base.lproj/LaunchScreen.storyboard; sourceTree = "<group>"; };
		22EC43511D05AB35008FEC62 /* Info.plist */ = {isa = PBXFileReference; lastKnownFileType = text.plist.xml; path = Info.plist; sourceTree = "<group>"; };
		22EC43561D05AB35008FEC62 /* milantestTests.xctest */ = {isa = PBXFileReference; explicitFileType = wrapper.cfbundle; includeInIndex = 0; path = milantestTests.xctest; sourceTree = BUILT_PRODUCTS_DIR; };
		22EC435A1D05AB35008FEC62 /* milantestTests.swift */ = {isa = PBXFileReference; lastKnownFileType = sourcecode.swift; path = milantestTests.swift; sourceTree = "<group>"; };
		22EC435C1D05AB35008FEC62 /* Info.plist */ = {isa = PBXFileReference; lastKnownFileType = text.plist.xml; path = Info.plist; sourceTree = "<group>"; };
		22EC43611D05AB35008FEC62 /* milantestUITests.xctest */ = {isa = PBXFileReference; explicitFileType = wrapper.cfbundle; includeInIndex = 0; path = milantestUITests.xctest; sourceTree = BUILT_PRODUCTS_DIR; };
		22EC43651D05AB35008FEC62 /* milantestUITests.swift */ = {isa = PBXFileReference; lastKnownFileType = sourcecode.swift; path = milantestUITests.swift; sourceTree = "<group>"; };
		22EC43671D05AB35008FEC62 /* Info.plist */ = {isa = PBXFileReference; lastKnownFileType = text.plist.xml; path = Info.plist; sourceTree = "<group>"; };
/* End PBXFileReference section */

/* Begin PBXFrameworksBuildPhase section */
		22EC433F1D05AB22008FEC62 /* Frameworks */ = {
			isa = PBXFrameworksBuildPhase;
			buildActionMask = 2147483647;
			files = (
			);
			runOnlyForDeploymentPostprocessing = 0;
		};
		22EC43531D05AB35008FEC62 /* Frameworks */ = {
			isa = PBXFrameworksBuildPhase;
			buildActionMask = 2147483647;
			files = (
			);
			runOnlyForDeploymentPostprocessing = 0;
		};
		22EC435E1D05AB35008FEC62 /* Frameworks */ = {
			isa = PBXFrameworksBuildPhase;
			buildActionMask = 2147483647;
			files = (
			);
			runOnlyForDeploymentPostprocessing = 0;
		};
/* End PBXFrameworksBuildPhase section */

/* Begin PBXGroup section */
		22EC43391D05AB21008FEC62 = {
			isa = PBXGroup;
			children = (
				22EC43441D05AB33008FEC62 /* milantest */,
				22EC43591D05AB35008FEC62 /* milantestTests */,
				22EC43641D05AB35008FEC62 /* milantestUITests */,
				22EC43431D05AB22008FEC62 /* Products */,
			);
			sourceTree = "<group>";
		};
		22EC43431D05AB22008FEC62 /* Products */ = {
			isa = PBXGroup;
			children = (
				22EC43421D05AB22008FEC62 /* milantest.app */,
				22EC43561D05AB35008FEC62 /* milantestTests.xctest */,
				22EC43611D05AB35008FEC62 /* milantestUITests.xctest */,
			);
			name = Products;
			sourceTree = "<group>";
		};
		22EC43441D05AB33008FEC62 /* milantest */ = {
			isa = PBXGroup;
			children = (
				22EC43451D05AB34008FEC62 /* AppDelegate.swift */,
				22EC43471D05AB34008FEC62 /* ViewController.swift */,
				22EC43491D05AB35008FEC62 /* Main.storyboard */,
				22EC434C1D05AB35008FEC62 /* Assets.xcassets */,
				22EC434E1D05AB35008FEC62 /* LaunchScreen.storyboard */,
				22EC43511D05AB35008FEC62 /* Info.plist */,
			);
			path = milantest;
			sourceTree = "<group>";
		};
		22EC43591D05AB35008FEC62 /* milantestTests */ = {
			isa = PBXGroup;
			children = (
				22EC435A1D05AB35008FEC62 /* milantestTests.swift */,
				22EC435C1D05AB35008FEC62 /* Info.plist */,
			);
			path = milantestTests;
			sourceTree = "<group>";
		};
		22EC43641D05AB35008FEC62 /* milantestUITests */ = {
			isa = PBXGroup;
			children = (
				22EC43651D05AB35008FEC62 /* milantestUITests.swift */,
				22EC43671D05AB35008FEC62 /* Info.plist */,
			);
			path = milantestUITests;
			sourceTree = "<group>";
		};
/* End PBXGroup section */

/* Begin PBXNativeTarget section */
		22EC43411D05AB22008FEC62 /* milantest */ = {
			isa = PBXNativeTarget;
			buildConfigurationList = 22EC436A1D05AB36008FEC62 /* Build configuration list for PBXNativeTarget "milantest" */;
			buildPhases = (
				22EC433E1D05AB22008FEC62 /* Sources */,
				22EC433F1D05AB22008FEC62 /* Frameworks */,
				22EC43401D05AB22008FEC62 /* Resources */,
			);
			buildRules = (
			);
			dependencies = (
			);
			name = milantest;
			productName = milantest;
			productReference = 22EC43421D05AB22008FEC62 /* milantest.app */;
			productType = "com.apple.product-type.application";
		};
		22EC43551D05AB35008FEC62 /* milantestTests */ = {
			isa = PBXNativeTarget;
			buildConfigurationList = 22EC436D1D05AB36008FEC62 /* Build configuration list for PBXNativeTarget "milantestTests" */;
			buildPhases = (
				22EC43521D05AB35008FEC62 /* Sources */,
				22EC43531D05AB35008FEC62 /* Frameworks */,
				22EC43541D05AB35008FEC62 /* Resources */,
			);
			buildRules = (
			);
			dependencies = (
				22EC43581D05AB35008FEC62 /* PBXTargetDependency */,
			);
			name = milantestTests;
			productName = milantestTests;
			productReference = 22EC43561D05AB35008FEC62 /* milantestTests.xctest */;
			productType = "com.apple.product-type.bundle.unit-test";
		};
		22EC43601D05AB35008FEC62 /* milantestUITests */ = {
			isa = PBXNativeTarget;
			buildConfigurationList = 22EC43701D05AB36008FEC62 /* Build configuration list for PBXNativeTarget "milantestUITests" */;
			buildPhases = (
				22EC435D1D05AB35008FEC62 /* Sources */,
				22EC435E1D05AB35008FEC62 /* Frameworks */,
				22EC435F1D05AB35008FEC62 /* Resources */,
			);
			buildRules = (
			);
			dependencies = (
				22EC43631D05AB35008FEC62 /* PBXTargetDependency */,
			);
			name = milantestUITests;
			productName = milantestUITests;
			productReference = 22EC43611D05AB35008FEC62 /* milantestUITests.xctest */;
			productType = "com.apple.product-type.bundle.ui-testing";
		};
/* End PBXNativeTarget section */

/* Begin PBXProject section */
		22EC433A1D05AB22008FEC62 /* Project object */ = {
			isa = PBXProject;
			attributes = {
				LastSwiftUpdateCheck = 0730;
				LastUpgradeCheck = 0730;
				ORGANIZATIONNAME = dai;
				TargetAttributes = {
					22EC43411D05AB22008FEC62 = {
						CreatedOnToolsVersion = 7.3.1;
					};
					22EC43551D05AB35008FEC62 = {
						CreatedOnToolsVersion = 7.3.1;
						TestTargetID = 22EC43411D05AB22008FEC62;
					};
					22EC43601D05AB35008FEC62 = {
						CreatedOnToolsVersion = 7.3.1;
						TestTargetID = 22EC43411D05AB22008FEC62;
					};
				};
			};
			buildConfigurationList = 22EC433D1D05AB22008FEC62 /* Build configuration list for PBXProject "milantest" */;
			compatibilityVersion = "Xcode 3.2";
			developmentRegion = English;
			hasScannedForEncodings = 0;
			knownRegions = (
				en,
				Base,
			);
			mainGroup = 22EC43391D05AB21008FEC62;
			productRefGroup = 22EC43431D05AB22008FEC62 /* Products */;
			projectDirPath = "";
			projectRoot = "";
			targets = (
				22EC43411D05AB22008FEC62 /* milantest */,
				22EC43551D05AB35008FEC62 /* milantestTests */,
				22EC43601D05AB35008FEC62 /* milantestUITests */,
			);
		};
/* End PBXProject section */

/* Begin PBXResourcesBuildPhase section */
		22EC43401D05AB22008FEC62 /* Resources */ = {
			isa = PBXResourcesBuildPhase;
			buildActionMask = 2147483647;
			files = (
				22EC43501D05AB35008FEC62 /* LaunchScreen.storyboard in Resources */,
				22EC434D1D05AB35008FEC62 /* Assets.xcassets in Resources */,
				22EC434B1D05AB35008FEC62 /* Main.storyboard in Resources */,
			);
			runOnlyForDeploymentPostprocessing = 0;
		};
		22EC43541D05AB35008FEC62 /* Resources */ = {
			isa = PBXResourcesBuildPhase;
			buildActionMask = 2147483647;
			files = (
			);
			runOnlyForDeploymentPostprocessing = 0;
		};
		22EC435F1D05AB35008FEC62 /* Resources */ = {
			isa = PBXResourcesBuildPhase;
			buildActionMask = 2147483647;
			files = (
			);
			runOnlyForDeploymentPostprocessing = 0;
		};
/* End PBXResourcesBuildPhase section */

/* Begin PBXSourcesBuildPhase section */
		22EC433E1D05AB22008FEC62 /* Sources */ = {
			isa = PBXSourcesBuildPhase;
			buildActionMask = 2147483647;
			files = (
				22EC43481D05AB34008FEC62 /* ViewController.swift in Sources */,
				22EC43461D05AB34008FEC62 /* AppDelegate.swift in Sources */,
			);
			runOnlyForDeploymentPostprocessing = 0;
		};
		22EC43521D05AB35008FEC62 /* Sources */ = {
			isa = PBXSourcesBuildPhase;
			buildActionMask = 2147483647;
			files = (
				22EC435B1D05AB35008FEC62 /* milantestTests.swift in Sources */,
			);
			runOnlyForDeploymentPostprocessing = 0;
		};
		22EC435D1D05AB35008FEC62 /* Sources */ = {
			isa = PBXSourcesBuildPhase;
			buildActionMask = 2147483647;
			files = (
				22EC43661D05AB35008FEC62 /* milantestUITests.swift in Sources */,
			);
			runOnlyForDeploymentPostprocessing = 0;
		};
/* End PBXSourcesBuildPhase section */

/* Begin PBXTargetDependency section */
		22EC43581D05AB35008FEC62 /* PBXTargetDependency */ = {
			isa = PBXTargetDependency;
			target = 22EC43411D05AB22008FEC62 /* milantest */;
			targetProxy = 22EC43571D05AB35008FEC62 /* PBXContainerItemProxy */;
		};
		22EC43631D05AB35008FEC62 /* PBXTargetDependency */ = {
			isa = PBXTargetDependency;
			target = 22EC43411D05AB22008FEC62 /* milantest */;
			targetProxy = 22EC43621D05AB35008FEC62 /* PBXContainerItemProxy */;
		};
/* End PBXTargetDependency section */

/* Begin PBXVariantGroup section */
		22EC43491D05AB35008FEC62 /* Main.storyboard */ = {
			isa = PBXVariantGroup;
			children = (
				22EC434A1D05AB35008FEC62 /* Base */,
			);
			name = Main.storyboard;
			sourceTree = "<group>";
		};
		22EC434E1D05AB35008FEC62 /* LaunchScreen.storyboard */ = {
			isa = PBXVariantGroup;
			children = (
				22EC434F1D05AB35008FEC62 /* Base */,
			);
			name = LaunchScreen.storyboard;
			sourceTree = "<group>";
		};
/* End PBXVariantGroup section */

/* Begin XCBuildConfiguration section */
		22EC43681D05AB35008FEC62 /* Debug */ = {
			isa = XCBuildConfiguration;
			buildSettings = {
				ALWAYS_SEARCH_USER_PATHS = NO;
				CLANG_ANALYZER_NONNULL = YES;
				CLANG_CXX_LANGUAGE_STANDARD = "gnu++0x";
				CLANG_CXX_LIBRARY = "libc++";
				CLANG_ENABLE_MODULES = YES;
				CLANG_ENABLE_OBJC_ARC = YES;
				CLANG_WARN_BOOL_CONVERSION = YES;
				CLANG_WARN_CONSTANT_CONVERSION = YES;
				CLANG_WARN_DIRECT_OBJC_ISA_USAGE = YES_ERROR;
				CLANG_WARN_EMPTY_BODY = YES;
				CLANG_WARN_ENUM_CONVERSION = YES;
				CLANG_WARN_INT_CONVERSION = YES;
				CLANG_WARN_OBJC_ROOT_CLASS = YES_ERROR;
				CLANG_WARN_UNREACHABLE_CODE = YES;
				CLANG_WARN__DUPLICATE_METHOD_MATCH = YES;
				"CODE_SIGN_IDENTITY[sdk=iphoneos*]" = "iPhone Developer";
				COPY_PHASE_STRIP = NO;
				DEBUG_INFORMATION_FORMAT = dwarf;
				ENABLE_STRICT_OBJC_MSGSEND = YES;
				ENABLE_TESTABILITY = YES;
				GCC_C_LANGUAGE_STANDARD = gnu99;
				GCC_DYNAMIC_NO_PIC = NO;
				GCC_NO_COMMON_BLOCKS = YES;
				GCC_OPTIMIZATION_LEVEL = 0;
				GCC_PREPROCESSOR_DEFINITIONS = (
					"DEBUG=1",
					"$(inherited)",
				);
				GCC_WARN_64_TO_32_BIT_CONVERSION = YES;
				GCC_WARN_ABOUT_RETURN_TYPE = YES_ERROR;
				GCC_WARN_UNDECLARED_SELECTOR = YES;
				GCC_WARN_UNINITIALIZED_AUTOS = YES_AGGRESSIVE;
				GCC_WARN_UNUSED_FUNCTION = YES;
				GCC_WARN_UNUSED_VARIABLE = YES;
				IPHONEOS_DEPLOYMENT_TARGET = 9.3;
				MTL_ENABLE_DEBUG_INFO = YES;
				ONLY_ACTIVE_ARCH = YES;
				SDKROOT = iphoneos;
				SWIFT_OPTIMIZATION_LEVEL = "-Onone";
				TARGETED_DEVICE_FAMILY = "1,2";
			};
			name = Debug;
		};
		22EC43691D05AB35008FEC62 /* Release */ = {
			isa = XCBuildConfiguration;
			buildSettings = {
				ALWAYS_SEARCH_USER_PATHS = NO;
				CLANG_ANALYZER_NONNULL = YES;
				CLANG_CXX_LANGUAGE_STANDARD = "gnu++0x";
				CLANG_CXX_LIBRARY = "libc++";
				CLANG_ENABLE_MODULES = YES;
				CLANG_ENABLE_OBJC_ARC = YES;
				CLANG_WARN_BOOL_CONVERSION = YES;
				CLANG_WARN_CONSTANT_CONVERSION = YES;
				CLANG_WARN_DIRECT_OBJC_ISA_USAGE = YES_ERROR;
				CLANG_WARN_EMPTY_BODY = YES;
				CLANG_WARN_ENUM_CONVERSION = YES;
				CLANG_WARN_INT_CONVERSION = YES;
				CLANG_WARN_OBJC_ROOT_CLASS = YES_ERROR;
				CLANG_WARN_UNREACHABLE_CODE = YES;
				CLANG_WARN__DUPLICATE_METHOD_MATCH = YES;
				"CODE_SIGN_IDENTITY[sdk=iphoneos*]" = "iPhone Developer";
				COPY_PHASE_STRIP = NO;
				DEBUG_INFORMATION_FORMAT = "dwarf-with-dsym";
				ENABLE_NS_ASSERTIONS = NO;
				ENABLE_STRICT_OBJC_MSGSEND = YES;
				GCC_C_LANGUAGE_STANDARD = gnu99;
				GCC_NO_COMMON_BLOCKS = YES;
				GCC_WARN_64_TO_32_BIT_CONVERSION = YES;
				GCC_WARN_ABOUT_RETURN_TYPE = YES_ERROR;
				GCC_WARN_UNDECLARED_SELECTOR = YES;
				GCC_WARN_UNINITIALIZED_AUTOS = YES_AGGRESSIVE;
				GCC_WARN_UNUSED_FUNCTION = YES;
				GCC_WARN_UNUSED_VARIABLE = YES;
				IPHONEOS_DEPLOYMENT_TARGET = 9.3;
				MTL_ENABLE_DEBUG_INFO = NO;
				SDKROOT = iphoneos;
				TARGETED_DEVICE_FAMILY = "1,2";
				VALIDATE_PRODUCT = YES;
			};
			name = Release;
		};
		22EC436B1D05AB36008FEC62 /* Debug */ = {
			isa = XCBuildConfiguration;
			buildSettings = {
				ASSETCATALOG_COMPILER_APPICON_NAME = AppIcon;
				INFOPLIST_FILE = milantest/Info.plist;
				LD_RUNPATH_SEARCH_PATHS = "$(inherited) @executable_path/Frameworks";
				PRODUCT_BUNDLE_IDENTIFIER = test.milantest;
				PRODUCT_NAME = "$(TARGET_NAME)";
			};
			name = Debug;
		};
		22EC436C1D05AB36008FEC62 /* Release */ = {
			isa = XCBuildConfiguration;
			buildSettings = {
				ASSETCATALOG_COMPILER_APPICON_NAME = AppIcon;
				INFOPLIST_FILE = milantest/Info.plist;
				LD_RUNPATH_SEARCH_PATHS = "$(inherited) @executable_path/Frameworks";
				PRODUCT_BUNDLE_IDENTIFIER = test.milantest;
				PRODUCT_NAME = "$(TARGET_NAME)";
			};
			name = Release;
		};
		22EC436E1D05AB36008FEC62 /* Debug */ = {
			isa = XCBuildConfiguration;
			buildSettings = {
				BUNDLE_LOADER = "$(TEST_HOST)";
				INFOPLIST_FILE = milantestTests/Info.plist;
				LD_RUNPATH_SEARCH_PATHS = "$(inherited) @executable_path/Frameworks @loader_path/Frameworks";
				PRODUCT_BUNDLE_IDENTIFIER = test.milantestTests;
				PRODUCT_NAME = "$(TARGET_NAME)";
				TEST_HOST = "$(BUILT_PRODUCTS_DIR)/milantest.app/milantest";
			};
			name = Debug;
		};
		22EC436F1D05AB36008FEC62 /* Release */ = {
			isa = XCBuildConfiguration;
			buildSettings = {
				BUNDLE_LOADER = "$(TEST_HOST)";
				INFOPLIST_FILE = milantestTests/Info.plist;
				LD_RUNPATH_SEARCH_PATHS = "$(inherited) @executable_path/Frameworks @loader_path/Frameworks";
				PRODUCT_BUNDLE_IDENTIFIER = test.milantestTests;
				PRODUCT_NAME = "$(TARGET_NAME)";
				TEST_HOST = "$(BUILT_PRODUCTS_DIR)/milantest.app/milantest";
			};
			name = Release;
		};
		22EC43711D05AB36008FEC62 /* Debug */ = {
			isa = XCBuildConfiguration;
			buildSettings = {
				INFOPLIST_FILE = milantestUITests/Info.plist;
				LD_RUNPATH_SEARCH_PATHS = "$(inherited) @executable_path/Frameworks @loader_path/Frameworks";
				PRODUCT_BUNDLE_IDENTIFIER = test.milantestUITests;
				PRODUCT_NAME = "$(TARGET_NAME)";
				TEST_TARGET_NAME = milantest;
			};
			name = Debug;
		};
		22EC43721D05AB36008FEC62 /* Release */ = {
			isa = XCBuildConfiguration;
			buildSettings = {
				INFOPLIST_FILE = milantestUITests/Info.plist;
				LD_RUNPATH_SEARCH_PATHS = "$(inherited) @executable_path/Frameworks @loader_path/Frameworks";
				PRODUCT_BUNDLE_IDENTIFIER = test.milantestUITests;
				PRODUCT_NAME = "$(TARGET_NAME)";
				TEST_TARGET_NAME = milantest;
			};
			name = Release;
		};
/* End XCBuildConfiguration section */

/* Begin XCConfigurationList section */
		22EC433D1D05AB22008FEC62 /* Build configuration list for PBXProject "milantest" */ = {
			isa = XCConfigurationList;
			buildConfigurations = (
				22EC43681D05AB35008FEC62 /* Debug */,
				22EC43691D05AB35008FEC62 /* Release */,
			);
			defaultConfigurationIsVisible = 0;
			defaultConfigurationName = Release;
		};
		22EC436A1D05AB36008FEC62 /* Build configuration list for PBXNativeTarget "milantest" */ = {
			isa = XCConfigurationList;
			buildConfigurations = (
				22EC436B1D05AB36008FEC62 /* Debug */,
				22EC436C1D05AB36008FEC62 /* Release */,
			);
			defaultConfigurationIsVisible = 0;
		};
		22EC436D1D05AB36008FEC62 /* Build configuration list for PBXNativeTarget "milantestTests" */ = {
			isa = XCConfigurationList;
			buildConfigurations = (
				22EC436E1D05AB36008FEC62 /* Debug */,
				22EC436F1D05AB36008FEC62 /* Release */,
			);
			defaultConfigurationIsVisible = 0;
		};
		22EC43701D05AB36008FEC62 /* Build configuration list for PBXNativeTarget "milantestUITests" */ = {
			isa = XCConfigurationList;
			buildConfigurations = (
				22EC43711D05AB36008FEC62 /* Debug */,
				22EC43721D05AB36008FEC62 /* Release */,
			);
			defaultConfigurationIsVisible = 0;
		};
/* End XCConfigurationList section */
	};
	rootObject = 22EC433A1D05AB22008FEC62 /* Project object */;
}
